// !$*UTF8*$!
{
	archiveVersion = 1;
	classes = {
	};
	objectVersion = 46;
	objects = {
/* Begin PBXBuildFile section */
		00C302E51ABCBA2D00DB3ED1 /* libRCTActionSheet.a in Frameworks */ = {isa = PBXBuildFile; fileRef = 00C302AC1ABCB8CE00DB3ED1 /* libRCTActionSheet.a */; };
		00C302E71ABCBA2D00DB3ED1 /* libRCTGeolocation.a in Frameworks */ = {isa = PBXBuildFile; fileRef = 00C302BA1ABCB90400DB3ED1 /* libRCTGeolocation.a */; };
		00C302E81ABCBA2D00DB3ED1 /* libRCTImage.a in Frameworks */ = {isa = PBXBuildFile; fileRef = 00C302C01ABCB91800DB3ED1 /* libRCTImage.a */; };
		00C302E91ABCBA2D00DB3ED1 /* libRCTNetwork.a in Frameworks */ = {isa = PBXBuildFile; fileRef = 00C302DC1ABCB9D200DB3ED1 /* libRCTNetwork.a */; };
		00C302EA1ABCBA2D00DB3ED1 /* libRCTVibration.a in Frameworks */ = {isa = PBXBuildFile; fileRef = 00C302E41ABCB9EE00DB3ED1 /* libRCTVibration.a */; };
		00E356F31AD99517003FC87E /* GolfTests.m in Sources */ = {isa = PBXBuildFile; fileRef = 00E356F21AD99517003FC87E /* GolfTests.m */; };
		018C366382BF4225BE7CCD46 /* libRCTActionSheet.a in Frameworks */ = {isa = PBXBuildFile; fileRef = 1D619DC55E124665941138E6 /* libRCTActionSheet.a */; };
		0A94A1DFAC7C43AD8D855284 /* MaterialIcons.ttf in Resources */ = {isa = PBXBuildFile; fileRef = E49B672461A44F199630B8DC /* MaterialIcons.ttf */; };
		0CD60CDF9FFD436BACA4E13B /* FontAwesome.ttf in Resources */ = {isa = PBXBuildFile; fileRef = A66BAEDBFFDD4EB4854947EA /* FontAwesome.ttf */; };
		133E29F31AD74F7200F7D852 /* libRCTLinking.a in Frameworks */ = {isa = PBXBuildFile; fileRef = 78C398B91ACF4ADC00677621 /* libRCTLinking.a */; };
		139105C61AF99C1200B5F7CC /* libRCTSettings.a in Frameworks */ = {isa = PBXBuildFile; fileRef = 139105C11AF99BAD00B5F7CC /* libRCTSettings.a */; };
		139FDEF61B0652A700C62182 /* libRCTWebSocket.a in Frameworks */ = {isa = PBXBuildFile; fileRef = 139FDEF41B06529B00C62182 /* libRCTWebSocket.a */; };
		13B07FBC1A68108700A75B9A /* AppDelegate.m in Sources */ = {isa = PBXBuildFile; fileRef = 13B07FB01A68108700A75B9A /* AppDelegate.m */; };
		13B07FBD1A68108700A75B9A /* LaunchScreen.xib in Resources */ = {isa = PBXBuildFile; fileRef = 13B07FB11A68108700A75B9A /* LaunchScreen.xib */; };
		13B07FBF1A68108700A75B9A /* Images.xcassets in Resources */ = {isa = PBXBuildFile; fileRef = 13B07FB51A68108700A75B9A /* Images.xcassets */; };
		13B07FC11A68108700A75B9A /* main.m in Sources */ = {isa = PBXBuildFile; fileRef = 13B07FB71A68108700A75B9A /* main.m */; };
		140ED2AC1D01E1AD002B40FF /* libReact.a in Frameworks */ = {isa = PBXBuildFile; fileRef = 146834041AC3E56700842450 /* libReact.a */; };
		146834051AC3E58100842450 /* libReact.a in Frameworks */ = {isa = PBXBuildFile; fileRef = 146834041AC3E56700842450 /* libReact.a */; };
		51F3796550214E63B09D15E1 /* libRealmReact.a in Frameworks */ = {isa = PBXBuildFile; fileRef = 5199FFDFC4C148A28F184CBB /* libRealmReact.a */; };
		53BF9447E3364A308850A183 /* EvilIcons.ttf in Resources */ = {isa = PBXBuildFile; fileRef = 200C76016EEC42C0BDEB3ACE /* EvilIcons.ttf */; };
		7E59A6F29F4F409D8364C97C /* Ionicons.ttf in Resources */ = {isa = PBXBuildFile; fileRef = E43AB612D5CF4C968C17995F /* Ionicons.ttf */; };
		832341BD1AAA6AB300B99B32 /* libRCTText.a in Frameworks */ = {isa = PBXBuildFile; fileRef = 832341B51AAA6A8300B99B32 /* libRCTText.a */; };
		A32D143D7F7E496181F2A1DA /* Foundation.ttf in Resources */ = {isa = PBXBuildFile; fileRef = FCEBBC33DF8848CBB576734A /* Foundation.ttf */; };
		AA42371116DB40108C1B8DEC /* Entypo.ttf in Resources */ = {isa = PBXBuildFile; fileRef = C72A7530967E4682A1291CD6 /* Entypo.ttf */; };
		BDE8DAC78D7B4418A219A31C /* libz.tbd in Frameworks */ = {isa = PBXBuildFile; fileRef = 0908DA25E23F4C68A9C01CE5 /* libz.tbd */; };
		D62DACF1A7B24A918A1A0712 /* Zocial.ttf in Resources */ = {isa = PBXBuildFile; fileRef = 7C03285D5D6B4E69AD8BFD29 /* Zocial.ttf */; };
		E82B791DCDDA41E085B89782 /* Octicons.ttf in Resources */ = {isa = PBXBuildFile; fileRef = 8E5086674F24492B8D22049D /* Octicons.ttf */; };
		EF46B99875024ECF9B8E60F2 /* libc++.tbd in Frameworks */ = {isa = PBXBuildFile; fileRef = E0D4C6A7AC53400696AD2115 /* libc++.tbd */; };
		F8EAD7669D1E4259A5FFBE89 /* libRNVectorIcons.a in Frameworks */ = {isa = PBXBuildFile; fileRef = 1F7D219F6FBE4011BBB9302C /* libRNVectorIcons.a */; };
/* End PBXBuildFile section */

/* Begin PBXContainerItemProxy section */
		00C302AB1ABCB8CE00DB3ED1 /* PBXContainerItemProxy */ = {
			isa = PBXContainerItemProxy;
			containerPortal = 00C302A71ABCB8CE00DB3ED1 /* RCTActionSheet.xcodeproj */;
			proxyType = 2;
			remoteGlobalIDString = 134814201AA4EA6300B7C361;
			remoteInfo = RCTActionSheet;
		};
		00C302B91ABCB90400DB3ED1 /* PBXContainerItemProxy */ = {
			isa = PBXContainerItemProxy;
			containerPortal = 00C302B51ABCB90400DB3ED1 /* RCTGeolocation.xcodeproj */;
			proxyType = 2;
			remoteGlobalIDString = 134814201AA4EA6300B7C361;
			remoteInfo = RCTGeolocation;
		};
		00C302BF1ABCB91800DB3ED1 /* PBXContainerItemProxy */ = {
			isa = PBXContainerItemProxy;
			containerPortal = 00C302BB1ABCB91800DB3ED1 /* RCTImage.xcodeproj */;
			proxyType = 2;
			remoteGlobalIDString = 58B5115D1A9E6B3D00147676;
			remoteInfo = RCTImage;
		};
		00C302DB1ABCB9D200DB3ED1 /* PBXContainerItemProxy */ = {
			isa = PBXContainerItemProxy;
			containerPortal = 00C302D31ABCB9D200DB3ED1 /* RCTNetwork.xcodeproj */;
			proxyType = 2;
			remoteGlobalIDString = 58B511DB1A9E6C8500147676;
			remoteInfo = RCTNetwork;
		};
		00C302E31ABCB9EE00DB3ED1 /* PBXContainerItemProxy */ = {
			isa = PBXContainerItemProxy;
			containerPortal = 00C302DF1ABCB9EE00DB3ED1 /* RCTVibration.xcodeproj */;
			proxyType = 2;
			remoteGlobalIDString = 832C81801AAF6DEF007FA2F7;
			remoteInfo = RCTVibration;
		};
		00E356F41AD99517003FC87E /* PBXContainerItemProxy */ = {
			isa = PBXContainerItemProxy;
			containerPortal = 83CBB9F71A601CBA00E9B192 /* Project object */;
			proxyType = 1;
			remoteGlobalIDString = 13B07F861A680F5B00A75B9A;
			remoteInfo = Golf;
		};
		139105C01AF99BAD00B5F7CC /* PBXContainerItemProxy */ = {
			isa = PBXContainerItemProxy;
			containerPortal = 139105B61AF99BAD00B5F7CC /* RCTSettings.xcodeproj */;
			proxyType = 2;
			remoteGlobalIDString = 134814201AA4EA6300B7C361;
			remoteInfo = RCTSettings;
		};
		139FDEF31B06529B00C62182 /* PBXContainerItemProxy */ = {
			isa = PBXContainerItemProxy;
			containerPortal = 139FDEE61B06529A00C62182 /* RCTWebSocket.xcodeproj */;
			proxyType = 2;
			remoteGlobalIDString = 3C86DF461ADF2C930047B81A;
			remoteInfo = RCTWebSocket;
		};
		146834031AC3E56700842450 /* PBXContainerItemProxy */ = {
			isa = PBXContainerItemProxy;
			containerPortal = 146833FF1AC3E56700842450 /* React.xcodeproj */;
			proxyType = 2;
			remoteGlobalIDString = 83CBBA2E1A601D0E00E9B192;
			remoteInfo = React;
		};
		5AF593901D232BF2008FCF3B /* PBXContainerItemProxy */ = {
			isa = PBXContainerItemProxy;
			containerPortal = 5BC5C48F756142A68E9295E3 /* DecoRideShareDemo.xcodeproj */;
			proxyType = 2;
			remoteGlobalIDString = 13B07F961A680F5B00A75B9A;
			remoteInfo = DecoRideShareDemo;
		};
		5AF593921D232BF2008FCF3B /* PBXContainerItemProxy */ = {
			isa = PBXContainerItemProxy;
			containerPortal = 5BC5C48F756142A68E9295E3 /* DecoRideShareDemo.xcodeproj */;
			proxyType = 2;
			remoteGlobalIDString = 00E356EE1AD99517003FC87E;
			remoteInfo = DecoRideShareDemoTests;
		};
		5AF593A11D232BF2008FCF3B /* PBXContainerItemProxy */ = {
			isa = PBXContainerItemProxy;
			containerPortal = B371E41481174D739C20CC71 /* RNVectorIcons.xcodeproj */;
			proxyType = 2;
			remoteGlobalIDString = 5DBEB1501B18CEA900B34395;
			remoteInfo = RNVectorIcons;
		};
		5AF593A61D232BF2008FCF3B /* PBXContainerItemProxy */ = {
			isa = PBXContainerItemProxy;
			containerPortal = BE23610E85B743A1B24168C3 /* RealmReact.xcodeproj */;
			proxyType = 2;
			remoteGlobalIDString = F60690131CA2766F0003FB26;
			remoteInfo = RealmReact;
		};
		78C398B81ACF4ADC00677621 /* PBXContainerItemProxy */ = {
			isa = PBXContainerItemProxy;
			containerPortal = 78C398B01ACF4ADC00677621 /* RCTLinking.xcodeproj */;
			proxyType = 2;
			remoteGlobalIDString = 134814201AA4EA6300B7C361;
			remoteInfo = RCTLinking;
		};
		832341B41AAA6A8300B99B32 /* PBXContainerItemProxy */ = {
			isa = PBXContainerItemProxy;
			containerPortal = 832341B01AAA6A8300B99B32 /* RCTText.xcodeproj */;
			proxyType = 2;
			remoteGlobalIDString = 58B5119B1A9E6C1200147676;
			remoteInfo = RCTText;
		};
/* End PBXContainerItemProxy section */

/* Begin PBXFileReference section */
		008F07F21AC5B25A0029DE68 /* main.jsbundle */ = {isa = PBXFileReference; fileEncoding = 4; lastKnownFileType = text; path = main.jsbundle; sourceTree = "<group>"; };
		00C302A71ABCB8CE00DB3ED1 /* RCTActionSheet.xcodeproj */ = {isa = PBXFileReference; lastKnownFileType = "wrapper.pb-project"; name = RCTActionSheet.xcodeproj; path = "../node_modules/react-native/Libraries/ActionSheetIOS/RCTActionSheet.xcodeproj"; sourceTree = "<group>"; };
		00C302B51ABCB90400DB3ED1 /* RCTGeolocation.xcodeproj */ = {isa = PBXFileReference; lastKnownFileType = "wrapper.pb-project"; name = RCTGeolocation.xcodeproj; path = "../node_modules/react-native/Libraries/Geolocation/RCTGeolocation.xcodeproj"; sourceTree = "<group>"; };
		00C302BB1ABCB91800DB3ED1 /* RCTImage.xcodeproj */ = {isa = PBXFileReference; lastKnownFileType = "wrapper.pb-project"; name = RCTImage.xcodeproj; path = "../node_modules/react-native/Libraries/Image/RCTImage.xcodeproj"; sourceTree = "<group>"; };
		00C302D31ABCB9D200DB3ED1 /* RCTNetwork.xcodeproj */ = {isa = PBXFileReference; lastKnownFileType = "wrapper.pb-project"; name = RCTNetwork.xcodeproj; path = "../node_modules/react-native/Libraries/Network/RCTNetwork.xcodeproj"; sourceTree = "<group>"; };
		00C302DF1ABCB9EE00DB3ED1 /* RCTVibration.xcodeproj */ = {isa = PBXFileReference; lastKnownFileType = "wrapper.pb-project"; name = RCTVibration.xcodeproj; path = "../node_modules/react-native/Libraries/Vibration/RCTVibration.xcodeproj"; sourceTree = "<group>"; };
		00E356EE1AD99517003FC87E /* GolfTests.xctest */ = {isa = PBXFileReference; explicitFileType = wrapper.cfbundle; includeInIndex = 0; path = GolfTests.xctest; sourceTree = BUILT_PRODUCTS_DIR; };
		00E356F11AD99517003FC87E /* Info.plist */ = {isa = PBXFileReference; lastKnownFileType = text.plist.xml; path = Info.plist; sourceTree = "<group>"; };
		00E356F21AD99517003FC87E /* GolfTests.m */ = {isa = PBXFileReference; lastKnownFileType = sourcecode.c.objc; path = GolfTests.m; sourceTree = "<group>"; };
		0908DA25E23F4C68A9C01CE5 /* libz.tbd */ = {isa = PBXFileReference; explicitFileType = undefined; fileEncoding = 0; includeInIndex = 0; lastKnownFileType = "sourcecode.text-based-dylib-definition"; name = libz.tbd; path = usr/lib/libz.tbd; sourceTree = SDKROOT; };
		139105B61AF99BAD00B5F7CC /* RCTSettings.xcodeproj */ = {isa = PBXFileReference; lastKnownFileType = "wrapper.pb-project"; name = RCTSettings.xcodeproj; path = "../node_modules/react-native/Libraries/Settings/RCTSettings.xcodeproj"; sourceTree = "<group>"; };
		139FDEE61B06529A00C62182 /* RCTWebSocket.xcodeproj */ = {isa = PBXFileReference; lastKnownFileType = "wrapper.pb-project"; name = RCTWebSocket.xcodeproj; path = "../node_modules/react-native/Libraries/WebSocket/RCTWebSocket.xcodeproj"; sourceTree = "<group>"; };
		13B07F961A680F5B00A75B9A /* Golf.app */ = {isa = PBXFileReference; explicitFileType = wrapper.application; includeInIndex = 0; path = Golf.app; sourceTree = BUILT_PRODUCTS_DIR; };
		13B07FAF1A68108700A75B9A /* AppDelegate.h */ = {isa = PBXFileReference; fileEncoding = 4; lastKnownFileType = sourcecode.c.h; name = AppDelegate.h; path = Golf/AppDelegate.h; sourceTree = "<group>"; };
		13B07FB01A68108700A75B9A /* AppDelegate.m */ = {isa = PBXFileReference; fileEncoding = 4; lastKnownFileType = sourcecode.c.objc; name = AppDelegate.m; path = Golf/AppDelegate.m; sourceTree = "<group>"; };
		13B07FB21A68108700A75B9A /* Base */ = {isa = PBXFileReference; lastKnownFileType = file.xib; name = Base; path = Base.lproj/LaunchScreen.xib; sourceTree = "<group>"; };
		13B07FB51A68108700A75B9A /* Images.xcassets */ = {isa = PBXFileReference; lastKnownFileType = folder.assetcatalog; name = Images.xcassets; path = Golf/Images.xcassets; sourceTree = "<group>"; };
		13B07FB61A68108700A75B9A /* Info.plist */ = {isa = PBXFileReference; fileEncoding = 4; lastKnownFileType = text.plist.xml; name = Info.plist; path = Golf/Info.plist; sourceTree = "<group>"; };
		13B07FB71A68108700A75B9A /* main.m */ = {isa = PBXFileReference; fileEncoding = 4; lastKnownFileType = sourcecode.c.objc; name = main.m; path = Golf/main.m; sourceTree = "<group>"; };
		146833FF1AC3E56700842450 /* React.xcodeproj */ = {isa = PBXFileReference; lastKnownFileType = "wrapper.pb-project"; name = React.xcodeproj; path = "../node_modules/react-native/React/React.xcodeproj"; sourceTree = "<group>"; };
		1D619DC55E124665941138E6 /* libRCTActionSheet.a */ = {isa = PBXFileReference; explicitFileType = undefined; fileEncoding = 0; includeInIndex = 0; lastKnownFileType = archive.ar; path = libRCTActionSheet.a; sourceTree = "<group>"; };
		1F7D219F6FBE4011BBB9302C /* libRNVectorIcons.a */ = {isa = PBXFileReference; explicitFileType = undefined; fileEncoding = 0; includeInIndex = 0; lastKnownFileType = archive.ar; path = libRNVectorIcons.a; sourceTree = "<group>"; };
		200C76016EEC42C0BDEB3ACE /* EvilIcons.ttf */ = {isa = PBXFileReference; explicitFileType = undefined; fileEncoding = 0; includeInIndex = 0; lastKnownFileType = unknown; name = EvilIcons.ttf; path = "../node_modules/react-native-vector-icons/Fonts/EvilIcons.ttf"; sourceTree = "<group>"; };
		5199FFDFC4C148A28F184CBB /* libRealmReact.a */ = {isa = PBXFileReference; explicitFileType = undefined; fileEncoding = 0; includeInIndex = 0; lastKnownFileType = archive.ar; path = libRealmReact.a; sourceTree = "<group>"; };
		5BC5C48F756142A68E9295E3 /* DecoRideShareDemo.xcodeproj */ = {isa = PBXFileReference; explicitFileType = undefined; fileEncoding = 0; includeInIndex = 0; lastKnownFileType = "wrapper.pb-project"; name = DecoRideShareDemo.xcodeproj; path = "../node_modules/deco-ride-share-demo/ios/DecoRideShareDemo.xcodeproj"; sourceTree = "<group>"; };
		78C398B01ACF4ADC00677621 /* RCTLinking.xcodeproj */ = {isa = PBXFileReference; lastKnownFileType = "wrapper.pb-project"; name = RCTLinking.xcodeproj; path = "../node_modules/react-native/Libraries/LinkingIOS/RCTLinking.xcodeproj"; sourceTree = "<group>"; };
		7C03285D5D6B4E69AD8BFD29 /* Zocial.ttf */ = {isa = PBXFileReference; explicitFileType = undefined; fileEncoding = 0; includeInIndex = 0; lastKnownFileType = unknown; name = Zocial.ttf; path = "../node_modules/react-native-vector-icons/Fonts/Zocial.ttf"; sourceTree = "<group>"; };
		832341B01AAA6A8300B99B32 /* RCTText.xcodeproj */ = {isa = PBXFileReference; lastKnownFileType = "wrapper.pb-project"; name = RCTText.xcodeproj; path = "../node_modules/react-native/Libraries/Text/RCTText.xcodeproj"; sourceTree = "<group>"; };
		8E5086674F24492B8D22049D /* Octicons.ttf */ = {isa = PBXFileReference; explicitFileType = undefined; fileEncoding = 0; includeInIndex = 0; lastKnownFileType = unknown; name = Octicons.ttf; path = "../node_modules/react-native-vector-icons/Fonts/Octicons.ttf"; sourceTree = "<group>"; };
		A66BAEDBFFDD4EB4854947EA /* FontAwesome.ttf */ = {isa = PBXFileReference; explicitFileType = undefined; fileEncoding = 0; includeInIndex = 0; lastKnownFileType = unknown; name = FontAwesome.ttf; path = "../node_modules/react-native-vector-icons/Fonts/FontAwesome.ttf"; sourceTree = "<group>"; };
		B371E41481174D739C20CC71 /* RNVectorIcons.xcodeproj */ = {isa = PBXFileReference; explicitFileType = undefined; fileEncoding = 0; includeInIndex = 0; lastKnownFileType = "wrapper.pb-project"; name = RNVectorIcons.xcodeproj; path = "../node_modules/react-native-vector-icons/RNVectorIcons.xcodeproj"; sourceTree = "<group>"; };
		BE23610E85B743A1B24168C3 /* RealmReact.xcodeproj */ = {isa = PBXFileReference; explicitFileType = undefined; fileEncoding = 0; includeInIndex = 0; lastKnownFileType = "wrapper.pb-project"; name = RealmReact.xcodeproj; path = "../node_modules/realm/react-native/ios/RealmReact.xcodeproj"; sourceTree = "<group>"; };
		C72A7530967E4682A1291CD6 /* Entypo.ttf */ = {isa = PBXFileReference; explicitFileType = undefined; fileEncoding = 0; includeInIndex = 0; lastKnownFileType = unknown; name = Entypo.ttf; path = "../node_modules/react-native-vector-icons/Fonts/Entypo.ttf"; sourceTree = "<group>"; };
		E0D4C6A7AC53400696AD2115 /* libc++.tbd */ = {isa = PBXFileReference; explicitFileType = undefined; fileEncoding = 0; includeInIndex = 0; lastKnownFileType = "sourcecode.text-based-dylib-definition"; name = "libc++.tbd"; path = "usr/lib/libc++.tbd"; sourceTree = SDKROOT; };
		E43AB612D5CF4C968C17995F /* Ionicons.ttf */ = {isa = PBXFileReference; explicitFileType = undefined; fileEncoding = 0; includeInIndex = 0; lastKnownFileType = unknown; name = Ionicons.ttf; path = "../node_modules/react-native-vector-icons/Fonts/Ionicons.ttf"; sourceTree = "<group>"; };
		E49B672461A44F199630B8DC /* MaterialIcons.ttf */ = {isa = PBXFileReference; explicitFileType = undefined; fileEncoding = 0; includeInIndex = 0; lastKnownFileType = unknown; name = MaterialIcons.ttf; path = "../node_modules/react-native-vector-icons/Fonts/MaterialIcons.ttf"; sourceTree = "<group>"; };
		FCEBBC33DF8848CBB576734A /* Foundation.ttf */ = {isa = PBXFileReference; explicitFileType = undefined; fileEncoding = 0; includeInIndex = 0; lastKnownFileType = unknown; name = Foundation.ttf; path = "../node_modules/react-native-vector-icons/Fonts/Foundation.ttf"; sourceTree = "<group>"; };
/* End PBXFileReference section */

/* Begin PBXFrameworksBuildPhase section */
		00E356EB1AD99517003FC87E /* Frameworks */ = {
			isa = PBXFrameworksBuildPhase;
			buildActionMask = 2147483647;
			files = (
				140ED2AC1D01E1AD002B40FF /* libReact.a in Frameworks */,
			);
			runOnlyForDeploymentPostprocessing = 0;
		};
		13B07F8C1A680F5B00A75B9A /* Frameworks */ = {
			isa = PBXFrameworksBuildPhase;
			buildActionMask = 2147483647;
			files = (
				146834051AC3E58100842450 /* libReact.a in Frameworks */,
				00C302E51ABCBA2D00DB3ED1 /* libRCTActionSheet.a in Frameworks */,
				00C302E71ABCBA2D00DB3ED1 /* libRCTGeolocation.a in Frameworks */,
				00C302E81ABCBA2D00DB3ED1 /* libRCTImage.a in Frameworks */,
				133E29F31AD74F7200F7D852 /* libRCTLinking.a in Frameworks */,
				00C302E91ABCBA2D00DB3ED1 /* libRCTNetwork.a in Frameworks */,
				139105C61AF99C1200B5F7CC /* libRCTSettings.a in Frameworks */,
				832341BD1AAA6AB300B99B32 /* libRCTText.a in Frameworks */,
				00C302EA1ABCBA2D00DB3ED1 /* libRCTVibration.a in Frameworks */,
				139FDEF61B0652A700C62182 /* libRCTWebSocket.a in Frameworks */,
				018C366382BF4225BE7CCD46 /* libRCTActionSheet.a in Frameworks */,
				F8EAD7669D1E4259A5FFBE89 /* libRNVectorIcons.a in Frameworks */,
				51F3796550214E63B09D15E1 /* libRealmReact.a in Frameworks */,
				EF46B99875024ECF9B8E60F2 /* libc++.tbd in Frameworks */,
				BDE8DAC78D7B4418A219A31C /* libz.tbd in Frameworks */,
			);
			runOnlyForDeploymentPostprocessing = 0;
		};
/* End PBXFrameworksBuildPhase section */

/* Begin PBXGroup section */
		00C302A81ABCB8CE00DB3ED1 /* Products */ = {
			isa = PBXGroup;
			children = (
				00C302AC1ABCB8CE00DB3ED1 /* libRCTActionSheet.a */,
			);
			name = Products;
			sourceTree = "<group>";
		};
		00C302B61ABCB90400DB3ED1 /* Products */ = {
			isa = PBXGroup;
			children = (
				00C302BA1ABCB90400DB3ED1 /* libRCTGeolocation.a */,
			);
			name = Products;
			sourceTree = "<group>";
		};
		00C302BC1ABCB91800DB3ED1 /* Products */ = {
			isa = PBXGroup;
			children = (
				00C302C01ABCB91800DB3ED1 /* libRCTImage.a */,
			);
			name = Products;
			sourceTree = "<group>";
		};
		00C302D41ABCB9D200DB3ED1 /* Products */ = {
			isa = PBXGroup;
			children = (
				00C302DC1ABCB9D200DB3ED1 /* libRCTNetwork.a */,
			);
			name = Products;
			sourceTree = "<group>";
		};
		00C302E01ABCB9EE00DB3ED1 /* Products */ = {
			isa = PBXGroup;
			children = (
				00C302E41ABCB9EE00DB3ED1 /* libRCTVibration.a */,
			);
			name = Products;
			sourceTree = "<group>";
		};
		00E356EF1AD99517003FC87E /* GolfTests */ = {
			isa = PBXGroup;
			children = (
				00E356F21AD99517003FC87E /* GolfTests.m */,
				00E356F01AD99517003FC87E /* Supporting Files */,
			);
			path = GolfTests;
			sourceTree = "<group>";
		};
		00E356F01AD99517003FC87E /* Supporting Files */ = {
			isa = PBXGroup;
			children = (
				00E356F11AD99517003FC87E /* Info.plist */,
			);
			name = "Supporting Files";
			sourceTree = "<group>";
		};
		139105B71AF99BAD00B5F7CC /* Products */ = {
			isa = PBXGroup;
			children = (
				139105C11AF99BAD00B5F7CC /* libRCTSettings.a */,
			);
			name = Products;
			sourceTree = "<group>";
		};
		139FDEE71B06529A00C62182 /* Products */ = {
			isa = PBXGroup;
			children = (
				139FDEF41B06529B00C62182 /* libRCTWebSocket.a */,
			);
			name = Products;
			sourceTree = "<group>";
		};
		13B07FAE1A68108700A75B9A /* Golf */ = {
			isa = PBXGroup;
			children = (
				008F07F21AC5B25A0029DE68 /* main.jsbundle */,
				13B07FAF1A68108700A75B9A /* AppDelegate.h */,
				13B07FB01A68108700A75B9A /* AppDelegate.m */,
				13B07FB51A68108700A75B9A /* Images.xcassets */,
				13B07FB61A68108700A75B9A /* Info.plist */,
				13B07FB11A68108700A75B9A /* LaunchScreen.xib */,
				13B07FB71A68108700A75B9A /* main.m */,
			);
			name = Golf;
			sourceTree = "<group>";
		};
		146834001AC3E56700842450 /* Products */ = {
			isa = PBXGroup;
			children = (
				146834041AC3E56700842450 /* libReact.a */,
			);
			name = Products;
			sourceTree = "<group>";
		};
		5AF5938C1D232BF2008FCF3B /* Products */ = {
			isa = PBXGroup;
			children = (
				5AF593911D232BF2008FCF3B /* DecoRideShareDemo.app */,
				5AF593931D232BF2008FCF3B /* DecoRideShareDemoTests.xctest */,
			);
			name = Products;
			sourceTree = "<group>";
		};
		5AF5939E1D232BF2008FCF3B /* Products */ = {
			isa = PBXGroup;
			children = (
				5AF593A21D232BF2008FCF3B /* libRNVectorIcons.a */,
			);
			name = Products;
			sourceTree = "<group>";
		};
		5AF593A31D232BF2008FCF3B /* Products */ = {
			isa = PBXGroup;
			children = (
				5AF593A71D232BF2008FCF3B /* libRealmReact.a */,
			);
			name = Products;
			sourceTree = "<group>";
		};
		78C398B11ACF4ADC00677621 /* Products */ = {
			isa = PBXGroup;
			children = (
				78C398B91ACF4ADC00677621 /* libRCTLinking.a */,
			);
			name = Products;
			sourceTree = "<group>";
		};
		832341AE1AAA6A7D00B99B32 /* Libraries */ = {
			isa = PBXGroup;
			children = (
				146833FF1AC3E56700842450 /* React.xcodeproj */,
				00C302A71ABCB8CE00DB3ED1 /* RCTActionSheet.xcodeproj */,
				00C302B51ABCB90400DB3ED1 /* RCTGeolocation.xcodeproj */,
				00C302BB1ABCB91800DB3ED1 /* RCTImage.xcodeproj */,
				78C398B01ACF4ADC00677621 /* RCTLinking.xcodeproj */,
				00C302D31ABCB9D200DB3ED1 /* RCTNetwork.xcodeproj */,
				139105B61AF99BAD00B5F7CC /* RCTSettings.xcodeproj */,
				832341B01AAA6A8300B99B32 /* RCTText.xcodeproj */,
				00C302DF1ABCB9EE00DB3ED1 /* RCTVibration.xcodeproj */,
				139FDEE61B06529A00C62182 /* RCTWebSocket.xcodeproj */,
				5BC5C48F756142A68E9295E3 /* DecoRideShareDemo.xcodeproj */,
				B371E41481174D739C20CC71 /* RNVectorIcons.xcodeproj */,
				BE23610E85B743A1B24168C3 /* RealmReact.xcodeproj */,
			);
			name = Libraries;
			sourceTree = "<group>";
		};
		832341B11AAA6A8300B99B32 /* Products */ = {
			isa = PBXGroup;
			children = (
				832341B51AAA6A8300B99B32 /* libRCTText.a */,
			);
			name = Products;
			sourceTree = "<group>";
		};
		83CBB9F61A601CBA00E9B192 = {
			isa = PBXGroup;
			children = (
				13B07FAE1A68108700A75B9A /* Golf */,
				832341AE1AAA6A7D00B99B32 /* Libraries */,
				00E356EF1AD99517003FC87E /* GolfTests */,
				83CBBA001A601CBA00E9B192 /* Products */,
				9CDBD0E2E2ED489BA3EC9FCF /* Frameworks */,
				F5B901A641E0493A9D81AE2C /* Resources */,
			);
			indentWidth = 2;
			sourceTree = "<group>";
			tabWidth = 2;
		};
		83CBBA001A601CBA00E9B192 /* Products */ = {
			isa = PBXGroup;
			children = (
				13B07F961A680F5B00A75B9A /* Golf.app */,
				00E356EE1AD99517003FC87E /* GolfTests.xctest */,
			);
			name = Products;
			sourceTree = "<group>";
		};
		9CDBD0E2E2ED489BA3EC9FCF /* Frameworks */ = {
			isa = PBXGroup;
			children = (
				E0D4C6A7AC53400696AD2115 /* libc++.tbd */,
				0908DA25E23F4C68A9C01CE5 /* libz.tbd */,
			);
			name = Frameworks;
			sourceTree = "<group>";
		};
		F5B901A641E0493A9D81AE2C /* Resources */ = {
			isa = PBXGroup;
			children = (
				C72A7530967E4682A1291CD6 /* Entypo.ttf */,
				200C76016EEC42C0BDEB3ACE /* EvilIcons.ttf */,
				A66BAEDBFFDD4EB4854947EA /* FontAwesome.ttf */,
				FCEBBC33DF8848CBB576734A /* Foundation.ttf */,
				E43AB612D5CF4C968C17995F /* Ionicons.ttf */,
				E49B672461A44F199630B8DC /* MaterialIcons.ttf */,
				8E5086674F24492B8D22049D /* Octicons.ttf */,
				7C03285D5D6B4E69AD8BFD29 /* Zocial.ttf */,
			);
			name = Resources;
			sourceTree = "<group>";
		};
/* End PBXGroup section */

/* Begin PBXNativeTarget section */
		00E356ED1AD99517003FC87E /* GolfTests */ = {
			isa = PBXNativeTarget;
			buildConfigurationList = 00E357021AD99517003FC87E /* Build configuration list for PBXNativeTarget "GolfTests" */;
			buildPhases = (
				00E356EA1AD99517003FC87E /* Sources */,
				00E356EB1AD99517003FC87E /* Frameworks */,
				00E356EC1AD99517003FC87E /* Resources */,
			);
			buildRules = (
			);
			dependencies = (
				00E356F51AD99517003FC87E /* PBXTargetDependency */,
			);
			name = GolfTests;
			productName = GolfTests;
			productReference = 00E356EE1AD99517003FC87E /* GolfTests.xctest */;
			productType = "com.apple.product-type.bundle.unit-test";
		};
		13B07F861A680F5B00A75B9A /* Golf */ = {
			isa = PBXNativeTarget;
			buildConfigurationList = 13B07F931A680F5B00A75B9A /* Build configuration list for PBXNativeTarget "Golf" */;
			buildPhases = (
				13B07F871A680F5B00A75B9A /* Sources */,
				13B07F8C1A680F5B00A75B9A /* Frameworks */,
				13B07F8E1A680F5B00A75B9A /* Resources */,
				00DD1BFF1BD5951E006B06BC /* Bundle React Native code and images */,
			);
			buildRules = (
			);
			dependencies = (
			);
			name = Golf;
			productName = "Hello World";
			productReference = 13B07F961A680F5B00A75B9A /* Golf.app */;
			productType = "com.apple.product-type.application";
		};
/* End PBXNativeTarget section */

/* Begin PBXProject section */
		83CBB9F71A601CBA00E9B192 /* Project object */ = {
			isa = PBXProject;
			attributes = {
				LastUpgradeCheck = 610;
				ORGANIZATIONNAME = Facebook;
				TargetAttributes = {
					00E356ED1AD99517003FC87E = {
						CreatedOnToolsVersion = 6.2;
						TestTargetID = 13B07F861A680F5B00A75B9A;
					};
				};
			};
			buildConfigurationList = 83CBB9FA1A601CBA00E9B192 /* Build configuration list for PBXProject "Golf" */;
			compatibilityVersion = "Xcode 3.2";
			developmentRegion = English;
			hasScannedForEncodings = 0;
			knownRegions = (
				en,
				Base,
			);
			mainGroup = 83CBB9F61A601CBA00E9B192;
			productRefGroup = 83CBBA001A601CBA00E9B192 /* Products */;
			projectDirPath = "";
			projectReferences = (
				{
					ProductGroup = 5AF5938C1D232BF2008FCF3B /* Products */;
					ProjectRef = 5BC5C48F756142A68E9295E3 /* DecoRideShareDemo.xcodeproj */;
				},
				{
					ProductGroup = 00C302A81ABCB8CE00DB3ED1 /* Products */;
					ProjectRef = 00C302A71ABCB8CE00DB3ED1 /* RCTActionSheet.xcodeproj */;
				},
				{
					ProductGroup = 00C302B61ABCB90400DB3ED1 /* Products */;
					ProjectRef = 00C302B51ABCB90400DB3ED1 /* RCTGeolocation.xcodeproj */;
				},
				{
					ProductGroup = 00C302BC1ABCB91800DB3ED1 /* Products */;
					ProjectRef = 00C302BB1ABCB91800DB3ED1 /* RCTImage.xcodeproj */;
				},
				{
					ProductGroup = 78C398B11ACF4ADC00677621 /* Products */;
					ProjectRef = 78C398B01ACF4ADC00677621 /* RCTLinking.xcodeproj */;
				},
				{
					ProductGroup = 00C302D41ABCB9D200DB3ED1 /* Products */;
					ProjectRef = 00C302D31ABCB9D200DB3ED1 /* RCTNetwork.xcodeproj */;
				},
				{
					ProductGroup = 139105B71AF99BAD00B5F7CC /* Products */;
					ProjectRef = 139105B61AF99BAD00B5F7CC /* RCTSettings.xcodeproj */;
				},
				{
					ProductGroup = 832341B11AAA6A8300B99B32 /* Products */;
					ProjectRef = 832341B01AAA6A8300B99B32 /* RCTText.xcodeproj */;
				},
				{
					ProductGroup = 00C302E01ABCB9EE00DB3ED1 /* Products */;
					ProjectRef = 00C302DF1ABCB9EE00DB3ED1 /* RCTVibration.xcodeproj */;
				},
				{
					ProductGroup = 139FDEE71B06529A00C62182 /* Products */;
					ProjectRef = 139FDEE61B06529A00C62182 /* RCTWebSocket.xcodeproj */;
				},
				{
					ProductGroup = 146834001AC3E56700842450 /* Products */;
					ProjectRef = 146833FF1AC3E56700842450 /* React.xcodeproj */;
				},
				{
					ProductGroup = 5AF593A31D232BF2008FCF3B /* Products */;
					ProjectRef = BE23610E85B743A1B24168C3 /* RealmReact.xcodeproj */;
				},
				{
					ProductGroup = 5AF5939E1D232BF2008FCF3B /* Products */;
					ProjectRef = B371E41481174D739C20CC71 /* RNVectorIcons.xcodeproj */;
				},
			);
			projectRoot = "";
			targets = (
				13B07F861A680F5B00A75B9A /* Golf */,
				00E356ED1AD99517003FC87E /* GolfTests */,
			);
		};
/* End PBXProject section */

/* Begin PBXReferenceProxy section */
		00C302AC1ABCB8CE00DB3ED1 /* libRCTActionSheet.a */ = {
			isa = PBXReferenceProxy;
			fileType = archive.ar;
			path = libRCTActionSheet.a;
			remoteRef = 00C302AB1ABCB8CE00DB3ED1 /* PBXContainerItemProxy */;
			sourceTree = BUILT_PRODUCTS_DIR;
		};
		00C302BA1ABCB90400DB3ED1 /* libRCTGeolocation.a */ = {
			isa = PBXReferenceProxy;
			fileType = archive.ar;
			path = libRCTGeolocation.a;
			remoteRef = 00C302B91ABCB90400DB3ED1 /* PBXContainerItemProxy */;
			sourceTree = BUILT_PRODUCTS_DIR;
		};
		00C302C01ABCB91800DB3ED1 /* libRCTImage.a */ = {
			isa = PBXReferenceProxy;
			fileType = archive.ar;
			path = libRCTImage.a;
			remoteRef = 00C302BF1ABCB91800DB3ED1 /* PBXContainerItemProxy */;
			sourceTree = BUILT_PRODUCTS_DIR;
		};
		00C302DC1ABCB9D200DB3ED1 /* libRCTNetwork.a */ = {
			isa = PBXReferenceProxy;
			fileType = archive.ar;
			path = libRCTNetwork.a;
			remoteRef = 00C302DB1ABCB9D200DB3ED1 /* PBXContainerItemProxy */;
			sourceTree = BUILT_PRODUCTS_DIR;
		};
		00C302E41ABCB9EE00DB3ED1 /* libRCTVibration.a */ = {
			isa = PBXReferenceProxy;
			fileType = archive.ar;
			path = libRCTVibration.a;
			remoteRef = 00C302E31ABCB9EE00DB3ED1 /* PBXContainerItemProxy */;
			sourceTree = BUILT_PRODUCTS_DIR;
		};
		139105C11AF99BAD00B5F7CC /* libRCTSettings.a */ = {
			isa = PBXReferenceProxy;
			fileType = archive.ar;
			path = libRCTSettings.a;
			remoteRef = 139105C01AF99BAD00B5F7CC /* PBXContainerItemProxy */;
			sourceTree = BUILT_PRODUCTS_DIR;
		};
		139FDEF41B06529B00C62182 /* libRCTWebSocket.a */ = {
			isa = PBXReferenceProxy;
			fileType = archive.ar;
			path = libRCTWebSocket.a;
			remoteRef = 139FDEF31B06529B00C62182 /* PBXContainerItemProxy */;
			sourceTree = BUILT_PRODUCTS_DIR;
		};
		146834041AC3E56700842450 /* libReact.a */ = {
			isa = PBXReferenceProxy;
			fileType = archive.ar;
			path = libReact.a;
			remoteRef = 146834031AC3E56700842450 /* PBXContainerItemProxy */;
			sourceTree = BUILT_PRODUCTS_DIR;
		};
		5AF593911D232BF2008FCF3B /* DecoRideShareDemo.app */ = {
			isa = PBXReferenceProxy;
			fileType = wrapper.application;
			path = DecoRideShareDemo.app;
			remoteRef = 5AF593901D232BF2008FCF3B /* PBXContainerItemProxy */;
			sourceTree = BUILT_PRODUCTS_DIR;
		};
		5AF593931D232BF2008FCF3B /* DecoRideShareDemoTests.xctest */ = {
			isa = PBXReferenceProxy;
			fileType = wrapper.cfbundle;
			path = DecoRideShareDemoTests.xctest;
			remoteRef = 5AF593921D232BF2008FCF3B /* PBXContainerItemProxy */;
			sourceTree = BUILT_PRODUCTS_DIR;
		};
		5AF593A21D232BF2008FCF3B /* libRNVectorIcons.a */ = {
			isa = PBXReferenceProxy;
			fileType = archive.ar;
			path = libRNVectorIcons.a;
			remoteRef = 5AF593A11D232BF2008FCF3B /* PBXContainerItemProxy */;
			sourceTree = BUILT_PRODUCTS_DIR;
		};
		5AF593A71D232BF2008FCF3B /* libRealmReact.a */ = {
			isa = PBXReferenceProxy;
			fileType = archive.ar;
			path = libRealmReact.a;
			remoteRef = 5AF593A61D232BF2008FCF3B /* PBXContainerItemProxy */;
			sourceTree = BUILT_PRODUCTS_DIR;
		};
		78C398B91ACF4ADC00677621 /* libRCTLinking.a */ = {
			isa = PBXReferenceProxy;
			fileType = archive.ar;
			path = libRCTLinking.a;
			remoteRef = 78C398B81ACF4ADC00677621 /* PBXContainerItemProxy */;
			sourceTree = BUILT_PRODUCTS_DIR;
		};
		832341B51AAA6A8300B99B32 /* libRCTText.a */ = {
			isa = PBXReferenceProxy;
			fileType = archive.ar;
			path = libRCTText.a;
			remoteRef = 832341B41AAA6A8300B99B32 /* PBXContainerItemProxy */;
			sourceTree = BUILT_PRODUCTS_DIR;
		};
/* End PBXReferenceProxy section */

/* Begin PBXResourcesBuildPhase section */
		00E356EC1AD99517003FC87E /* Resources */ = {
			isa = PBXResourcesBuildPhase;
			buildActionMask = 2147483647;
			files = (
			);
			runOnlyForDeploymentPostprocessing = 0;
		};
		13B07F8E1A680F5B00A75B9A /* Resources */ = {
			isa = PBXResourcesBuildPhase;
			buildActionMask = 2147483647;
			files = (
				13B07FBF1A68108700A75B9A /* Images.xcassets in Resources */,
				13B07FBD1A68108700A75B9A /* LaunchScreen.xib in Resources */,
				AA42371116DB40108C1B8DEC /* Entypo.ttf in Resources */,
				53BF9447E3364A308850A183 /* EvilIcons.ttf in Resources */,
				0CD60CDF9FFD436BACA4E13B /* FontAwesome.ttf in Resources */,
				A32D143D7F7E496181F2A1DA /* Foundation.ttf in Resources */,
				7E59A6F29F4F409D8364C97C /* Ionicons.ttf in Resources */,
				0A94A1DFAC7C43AD8D855284 /* MaterialIcons.ttf in Resources */,
				E82B791DCDDA41E085B89782 /* Octicons.ttf in Resources */,
				D62DACF1A7B24A918A1A0712 /* Zocial.ttf in Resources */,
			);
			runOnlyForDeploymentPostprocessing = 0;
		};
/* End PBXResourcesBuildPhase section */

/* Begin PBXShellScriptBuildPhase section */
		00DD1BFF1BD5951E006B06BC /* Bundle React Native code and images */ = {
			isa = PBXShellScriptBuildPhase;
			buildActionMask = 2147483647;
			files = (
			);
			inputPaths = (
			);
			name = "Bundle React Native code and images";
			outputPaths = (
			);
			runOnlyForDeploymentPostprocessing = 0;
			shellPath = /bin/sh;
			shellScript = "export NODE_BINARY=node\n../node_modules/react-native/packager/react-native-xcode.sh";
		};
/* End PBXShellScriptBuildPhase section */

/* Begin PBXSourcesBuildPhase section */
		00E356EA1AD99517003FC87E /* Sources */ = {
			isa = PBXSourcesBuildPhase;
			buildActionMask = 2147483647;
			files = (
				00E356F31AD99517003FC87E /* GolfTests.m in Sources */,
			);
			runOnlyForDeploymentPostprocessing = 0;
		};
		13B07F871A680F5B00A75B9A /* Sources */ = {
			isa = PBXSourcesBuildPhase;
			buildActionMask = 2147483647;
			files = (
				13B07FBC1A68108700A75B9A /* AppDelegate.m in Sources */,
				13B07FC11A68108700A75B9A /* main.m in Sources */,
			);
			runOnlyForDeploymentPostprocessing = 0;
		};
/* End PBXSourcesBuildPhase section */

/* Begin PBXTargetDependency section */
		00E356F51AD99517003FC87E /* PBXTargetDependency */ = {
			isa = PBXTargetDependency;
			target = 13B07F861A680F5B00A75B9A /* Golf */;
			targetProxy = 00E356F41AD99517003FC87E /* PBXContainerItemProxy */;
		};
/* End PBXTargetDependency section */

/* Begin PBXVariantGroup section */
		13B07FB11A68108700A75B9A /* LaunchScreen.xib */ = {
			isa = PBXVariantGroup;
			children = (
				13B07FB21A68108700A75B9A /* Base */,
			);
			name = LaunchScreen.xib;
			path = Golf;
			sourceTree = "<group>";
		};
/* End PBXVariantGroup section */

/* Begin XCBuildConfiguration section */
		00E356F61AD99517003FC87E /* Debug */ = {
			isa = XCBuildConfiguration;
			buildSettings = {
				BUNDLE_LOADER = "$(TEST_HOST)";
				GCC_PREPROCESSOR_DEFINITIONS = (
					"DEBUG=1",
					"$(inherited)",
				);
				INFOPLIST_FILE = GolfTests/Info.plist;
				IPHONEOS_DEPLOYMENT_TARGET = 8.2;
				LD_RUNPATH_SEARCH_PATHS = "$(inherited) @executable_path/Frameworks @loader_path/Frameworks";
				LIBRARY_SEARCH_PATHS = (
					"$(inherited)",
					"\"$(SRCROOT)/$(TARGET_NAME)\"",
					"\"$(SRCROOT)/$(TARGET_NAME)\"",
					"\"$(SRCROOT)/$(TARGET_NAME)\"",
				);
				PRODUCT_NAME = "$(TARGET_NAME)";
				TEST_HOST = "$(BUILT_PRODUCTS_DIR)/Golf.app/Golf";
			};
			name = Debug;
		};
		00E356F71AD99517003FC87E /* Release */ = {
			isa = XCBuildConfiguration;
			buildSettings = {
				BUNDLE_LOADER = "$(TEST_HOST)";
				COPY_PHASE_STRIP = NO;
				INFOPLIST_FILE = GolfTests/Info.plist;
				IPHONEOS_DEPLOYMENT_TARGET = 8.2;
				LD_RUNPATH_SEARCH_PATHS = "$(inherited) @executable_path/Frameworks @loader_path/Frameworks";
				LIBRARY_SEARCH_PATHS = (
					"$(inherited)",
					"\"$(SRCROOT)/$(TARGET_NAME)\"",
					"\"$(SRCROOT)/$(TARGET_NAME)\"",
					"\"$(SRCROOT)/$(TARGET_NAME)\"",
				);
				PRODUCT_NAME = "$(TARGET_NAME)";
				TEST_HOST = "$(BUILT_PRODUCTS_DIR)/Golf.app/Golf";
			};
			name = Release;
		};
		13B07F941A680F5B00A75B9A /* Debug */ = {
			isa = XCBuildConfiguration;
			buildSettings = {
				ASSETCATALOG_COMPILER_APPICON_NAME = AppIcon;
				DEAD_CODE_STRIPPING = NO;
				HEADER_SEARCH_PATHS = (
					"$(inherited)",
					/Applications/Xcode.app/Contents/Developer/Toolchains/XcodeDefault.xctoolchain/usr/include,
					"$(SRCROOT)/../node_modules/react-native/React/**",
					"$(SRCROOT)/../node_modules/deco-ride-share-demo/ios/DecoRideShareDemo",
					"$(SRCROOT)/../node_modules/react-native-vector-icons/RNVectorIconsManager",
					"$(SRCROOT)/../node_modules/realm/src/**",
				);
				INFOPLIST_FILE = Golf/Info.plist;
				LD_RUNPATH_SEARCH_PATHS = "$(inherited) @executable_path/Frameworks";
				OTHER_LDFLAGS = (
					"-ObjC",
					"-lc++",
				);
				PRODUCT_NAME = Golf;
			};
			name = Debug;
		};
		13B07F951A680F5B00A75B9A /* Release */ = {
			isa = XCBuildConfiguration;
			buildSettings = {
				ASSETCATALOG_COMPILER_APPICON_NAME = AppIcon;
				HEADER_SEARCH_PATHS = (
					"$(inherited)",
					/Applications/Xcode.app/Contents/Developer/Toolchains/XcodeDefault.xctoolchain/usr/include,
					"$(SRCROOT)/../node_modules/react-native/React/**",
					"$(SRCROOT)/../node_modules/deco-ride-share-demo/ios/DecoRideShareDemo",
					"$(SRCROOT)/../node_modules/react-native-vector-icons/RNVectorIconsManager",
					"$(SRCROOT)/../node_modules/realm/src/**",
				);
				INFOPLIST_FILE = Golf/Info.plist;
				LD_RUNPATH_SEARCH_PATHS = "$(inherited) @executable_path/Frameworks";
				OTHER_LDFLAGS = (
					"-ObjC",
					"-lc++",
				);
				PRODUCT_NAME = Golf;
			};
			name = Release;
		};
		83CBBA201A601CBA00E9B192 /* Debug */ = {
			isa = XCBuildConfiguration;
			buildSettings = {
				ALWAYS_SEARCH_USER_PATHS = NO;
				CLANG_CXX_LANGUAGE_STANDARD = "gnu++0x";
				CLANG_CXX_LIBRARY = "libc++";
				CLANG_ENABLE_MODULES = YES;
				CLANG_ENABLE_OBJC_ARC = YES;
				CLANG_WARN_BOOL_CONVERSION = YES;
				CLANG_WARN_CONSTANT_CONVERSION = YES;
				CLANG_WARN_DIRECT_OBJC_ISA_USAGE = YES_ERROR;
				CLANG_WARN_EMPTY_BODY = YES;
				CLANG_WARN_ENUM_CONVERSION = YES;
				CLANG_WARN_INT_CONVERSION = YES;
				CLANG_WARN_OBJC_ROOT_CLASS = YES_ERROR;
				CLANG_WARN_UNREACHABLE_CODE = YES;
				CLANG_WARN__DUPLICATE_METHOD_MATCH = YES;
				"CODE_SIGN_IDENTITY[sdk=iphoneos*]" = "iPhone Developer";
				COPY_PHASE_STRIP = NO;
				ENABLE_STRICT_OBJC_MSGSEND = YES;
				GCC_C_LANGUAGE_STANDARD = gnu99;
				GCC_DYNAMIC_NO_PIC = NO;
				GCC_OPTIMIZATION_LEVEL = 0;
				GCC_PREPROCESSOR_DEFINITIONS = (
					"DEBUG=1",
					"$(inherited)",
				);
				GCC_SYMBOLS_PRIVATE_EXTERN = NO;
				GCC_WARN_64_TO_32_BIT_CONVERSION = YES;
				GCC_WARN_ABOUT_RETURN_TYPE = YES_ERROR;
				GCC_WARN_UNDECLARED_SELECTOR = YES;
				GCC_WARN_UNINITIALIZED_AUTOS = YES_AGGRESSIVE;
				GCC_WARN_UNUSED_FUNCTION = YES;
				GCC_WARN_UNUSED_VARIABLE = YES;
				HEADER_SEARCH_PATHS = (
					"$(inherited)",
					/Applications/Xcode.app/Contents/Developer/Toolchains/XcodeDefault.xctoolchain/usr/include,
					"$(SRCROOT)/../node_modules/react-native/React/**",
					"$(SRCROOT)/../node_modules/deco-ride-share-demo/ios/DecoRideShareDemo",
					"$(SRCROOT)/../node_modules/react-native-vector-icons/RNVectorIconsManager",
					"$(SRCROOT)/../node_modules/realm/src/**",
				);
				IPHONEOS_DEPLOYMENT_TARGET = 7.0;
				MTL_ENABLE_DEBUG_INFO = YES;
				ONLY_ACTIVE_ARCH = YES;
				SDKROOT = iphoneos;
			};
			name = Debug;
		};
		83CBBA211A601CBA00E9B192 /* Release */ = {
			isa = XCBuildConfiguration;
			buildSettings = {
				ALWAYS_SEARCH_USER_PATHS = NO;
				CLANG_CXX_LANGUAGE_STANDARD = "gnu++0x";
				CLANG_CXX_LIBRARY = "libc++";
				CLANG_ENABLE_MODULES = YES;
				CLANG_ENABLE_OBJC_ARC = YES;
				CLANG_WARN_BOOL_CONVERSION = YES;
				CLANG_WARN_CONSTANT_CONVERSION = YES;
				CLANG_WARN_DIRECT_OBJC_ISA_USAGE = YES_ERROR;
				CLANG_WARN_EMPTY_BODY = YES;
				CLANG_WARN_ENUM_CONVERSION = YES;
				CLANG_WARN_INT_CONVERSION = YES;
				CLANG_WARN_OBJC_ROOT_CLASS = YES_ERROR;
				CLANG_WARN_UNREACHABLE_CODE = YES;
				CLANG_WARN__DUPLICATE_METHOD_MATCH = YES;
				"CODE_SIGN_IDENTITY[sdk=iphoneos*]" = "iPhone Developer";
				COPY_PHASE_STRIP = YES;
				ENABLE_NS_ASSERTIONS = NO;
				ENABLE_STRICT_OBJC_MSGSEND = YES;
				GCC_C_LANGUAGE_STANDARD = gnu99;
				GCC_WARN_64_TO_32_BIT_CONVERSION = YES;
				GCC_WARN_ABOUT_RETURN_TYPE = YES_ERROR;
				GCC_WARN_UNDECLARED_SELECTOR = YES;
				GCC_WARN_UNINITIALIZED_AUTOS = YES_AGGRESSIVE;
				GCC_WARN_UNUSED_FUNCTION = YES;
				GCC_WARN_UNUSED_VARIABLE = YES;
				HEADER_SEARCH_PATHS = (
					"$(inherited)",
					/Applications/Xcode.app/Contents/Developer/Toolchains/XcodeDefault.xctoolchain/usr/include,
					"$(SRCROOT)/../node_modules/react-native/React/**",
					"$(SRCROOT)/../node_modules/deco-ride-share-demo/ios/DecoRideShareDemo",
					"$(SRCROOT)/../node_modules/react-native-vector-icons/RNVectorIconsManager",
					"$(SRCROOT)/../node_modules/realm/src/**",
				);
				IPHONEOS_DEPLOYMENT_TARGET = 7.0;
				MTL_ENABLE_DEBUG_INFO = NO;
				SDKROOT = iphoneos;
				VALIDATE_PRODUCT = YES;
			};
			name = Release;
		};
/* End XCBuildConfiguration section */

/* Begin XCConfigurationList section */
		00E357021AD99517003FC87E /* Build configuration list for PBXNativeTarget "GolfTests" */ = {
			isa = XCConfigurationList;
			buildConfigurations = (
				00E356F61AD99517003FC87E /* Debug */,
				00E356F71AD99517003FC87E /* Release */,
			);
			defaultConfigurationIsVisible = 0;
			defaultConfigurationName = Release;
		};
		13B07F931A680F5B00A75B9A /* Build configuration list for PBXNativeTarget "Golf" */ = {
			isa = XCConfigurationList;
			buildConfigurations = (
				13B07F941A680F5B00A75B9A /* Debug */,
				13B07F951A680F5B00A75B9A /* Release */,
			);
			defaultConfigurationIsVisible = 0;
			defaultConfigurationName = Release;
		};
		83CBB9FA1A601CBA00E9B192 /* Build configuration list for PBXProject "Golf" */ = {
			isa = XCConfigurationList;
			buildConfigurations = (
				83CBBA201A601CBA00E9B192 /* Debug */,
				83CBBA211A601CBA00E9B192 /* Release */,
			);
			defaultConfigurationIsVisible = 0;
			defaultConfigurationName = Release;
		};
/* End XCConfigurationList section */
	};
	rootObject = 83CBB9F71A601CBA00E9B192 /* Project object */;
}
